
Microsoft Visual Studio Solution File, Format Version 12.00
# Visual Studio Version 17
VisualStudioVersion = 17.2.32616.157
MinimumVisualStudioVersion = 10.0.40219.1
Project("{FAE04EC0-301F-11D3-BF4B-00C04F79EFBC}") = "HFRM-BARCODEGENERATOR", "HFRM-BARCODEGENERATOR.csproj", "{D505D0B3-3E17-4A41-B2E3-8EF64DC1C2C5}"
EndProject
Global
	GlobalSection(SolutionConfigurationPlatforms) = preSolution
		Debug|Any CPU = Debug|Any CPU
		Release|Any CPU = Release|Any CPU
	EndGlobalSection
	GlobalSection(ProjectConfigurationPlatforms) = postSolution
		{D505D0B3-3E17-4A41-B2E3-8EF64DC1C2C5}.Debug|Any CPU.ActiveCfg = Debug|Any CPU
		{D505D0B3-3E17-4A41-B2E3-8EF64DC1C2C5}.Debug|Any CPU.Build.0 = Debug|Any CPU
		{D505D0B3-3E17-4A41-B2E3-8EF64DC1C2C5}.Release|Any CPU.ActiveCfg = Release|Any CPU
		{D505D0B3-3E17-4A41-B2E3-8EF64DC1C2C5}.Release|Any CPU.Build.0 = Release|Any CPU
	EndGlobalSection
	GlobalSection(SolutionProperties) = preSolution
		HideSolutionNode = FALSE
	EndGlobalSection
	GlobalSection(ExtensibilityGlobals) = postSolution
		SolutionGuid = {E4AF0B3B-2345-4171-92BB-0D274D4C3288}
	EndGlobalSection
EndGlobal
